
Microsoft Visual Studio Solution File, Format Version 12.00
# Visual Studio Version 17
VisualStudioVersion = 17.7.34221.43
MinimumVisualStudioVersion = 10.0.40219.1
Project("{FAE04EC0-301F-11D3-BF4B-00C04F79EFBC}") = "SolarPowerPlant", "SolarPowerPlant\SolarPowerPlant.csproj", "{B1F9104A-A19C-4F81-BCA5-EEDC2729723B}"
EndProject
Global
	GlobalSection(SolutionConfigurationPlatforms) = preSolution
		Debug|Any CPU = Debug|Any CPU
		Release|Any CPU = Release|Any CPU
	EndGlobalSection
	GlobalSection(ProjectConfigurationPlatforms) = postSolution
		{B1F9104A-A19C-4F81-BCA5-EEDC2729723B}.Debug|Any CPU.ActiveCfg = Debug|Any CPU
		{B1F9104A-A19C-4F81-BCA5-EEDC2729723B}.Debug|Any CPU.Build.0 = Debug|Any CPU
		{B1F9104A-A19C-4F81-BCA5-EEDC2729723B}.Release|Any CPU.ActiveCfg = Release|Any CPU
		{B1F9104A-A19C-4F81-BCA5-EEDC2729723B}.Release|Any CPU.Build.0 = Release|Any CPU
	EndGlobalSection
	GlobalSection(SolutionProperties) = preSolution
		HideSolutionNode = FALSE
	EndGlobalSection
	GlobalSection(ExtensibilityGlobals) = postSolution
		SolutionGuid = {B916E0DE-03B2-4568-99BF-9E19FD2E2201}
	EndGlobalSection
EndGlobal
